
Microsoft Visual Studio Solution File, Format Version 12.00
# Visual Studio 2012
Project("{FAE04EC0-301F-11D3-BF4B-00C04F79EFBC}") = "RandomNameGeneratorLibrary", "RandomNameGeneratorLibrary\RandomNameGeneratorLibrary.csproj", "{6B976868-0A45-4C76-84BC-201ED0B9886E}"
EndProject
Project("{FAE04EC0-301F-11D3-BF4B-00C04F79EFBC}") = "RandomNameGeneratorUnitTests", "RandomNameGeneratorUnitTests\RandomNameGeneratorUnitTests.csproj", "{B2E8129E-0121-4584-B478-0DA041E3E135}"
EndProject
Global
	GlobalSection(SolutionConfigurationPlatforms) = preSolution
		Debug|Any CPU = Debug|Any CPU
		Release|Any CPU = Release|Any CPU
	EndGlobalSection
	GlobalSection(ProjectConfigurationPlatforms) = postSolution
		{6B976868-0A45-4C76-84BC-201ED0B9886E}.Debug|Any CPU.ActiveCfg = Debug|Any CPU
		{6B976868-0A45-4C76-84BC-201ED0B9886E}.Debug|Any CPU.Build.0 = Debug|Any CPU
		{6B976868-0A45-4C76-84BC-201ED0B9886E}.Release|Any CPU.ActiveCfg = Release|Any CPU
		{6B976868-0A45-4C76-84BC-201ED0B9886E}.Release|Any CPU.Build.0 = Release|Any CPU
		{B2E8129E-0121-4584-B478-0DA041E3E135}.Debug|Any CPU.ActiveCfg = Debug|Any CPU
		{B2E8129E-0121-4584-B478-0DA041E3E135}.Debug|Any CPU.Build.0 = Debug|Any CPU
		{B2E8129E-0121-4584-B478-0DA041E3E135}.Release|Any CPU.ActiveCfg = Release|Any CPU
		{B2E8129E-0121-4584-B478-0DA041E3E135}.Release|Any CPU.Build.0 = Release|Any CPU
	EndGlobalSection
	GlobalSection(SolutionProperties) = preSolution
		HideSolutionNode = FALSE
	EndGlobalSection
EndGlobal
