
Microsoft Visual Studio Solution File, Format Version 12.00
# Visual Studio Version 17
VisualStudioVersion = 17.2.32505.173
MinimumVisualStudioVersion = 10.0.40219.1
Project("{9A19103F-16F7-4668-BE54-9A1E7A4F7556}") = "RandomNameGeneratorLibrary", "RandomNameGeneratorLibrary\RandomNameGeneratorLibrary.csproj", "{40B24D5B-2B8E-47BF-8056-70BF0E533E57}"
EndProject
Project("{9A19103F-16F7-4668-BE54-9A1E7A4F7556}") = "RandomNameGeneratorUnitTests", "RandomNameGeneratorUnitTests\RandomNameGeneratorUnitTests.csproj", "{3F0F51C0-247B-4D9E-9B49-C02376FE789E}"
EndProject
Global
	GlobalSection(SolutionConfigurationPlatforms) = preSolution
		Debug|Any CPU = Debug|Any CPU
		Release|Any CPU = Release|Any CPU
	EndGlobalSection
	GlobalSection(ProjectConfigurationPlatforms) = postSolution
		{40B24D5B-2B8E-47BF-8056-70BF0E533E57}.Debug|Any CPU.ActiveCfg = Debug|Any CPU
		{40B24D5B-2B8E-47BF-8056-70BF0E533E57}.Debug|Any CPU.Build.0 = Debug|Any CPU
		{40B24D5B-2B8E-47BF-8056-70BF0E533E57}.Release|Any CPU.ActiveCfg = Release|Any CPU
		{40B24D5B-2B8E-47BF-8056-70BF0E533E57}.Release|Any CPU.Build.0 = Release|Any CPU
		{3F0F51C0-247B-4D9E-9B49-C02376FE789E}.Debug|Any CPU.ActiveCfg = Debug|Any CPU
		{3F0F51C0-247B-4D9E-9B49-C02376FE789E}.Debug|Any CPU.Build.0 = Debug|Any CPU
		{3F0F51C0-247B-4D9E-9B49-C02376FE789E}.Release|Any CPU.ActiveCfg = Release|Any CPU
		{3F0F51C0-247B-4D9E-9B49-C02376FE789E}.Release|Any CPU.Build.0 = Release|Any CPU
	EndGlobalSection
	GlobalSection(SolutionProperties) = preSolution
		HideSolutionNode = FALSE
	EndGlobalSection
	GlobalSection(ExtensibilityGlobals) = postSolution
		SolutionGuid = {136E0EAE-1538-4A76-8D36-AA9107B4820C}
	EndGlobalSection
EndGlobal
